
Microsoft Visual Studio Solution File, Format Version 12.00
# Visual Studio 2013
VisualStudioVersion = 12.0.40629.0
MinimumVisualStudioVersion = 10.0.40219.1
Project("{FAE04EC0-301F-11D3-BF4B-00C04F79EFBC}") = "ilk", "ilk.csproj", "{104D4CBF-901B-4322-B1EE-884927C44F09}"
EndProject
Project("{2150E333-8FDC-42A3-9474-1A3956D46DE8}") = "image", "image", "{29602D49-AAF4-4D6B-8B32-4113ED401539}"
	ProjectSection(SolutionItems) = preProject
		..\Yeni klasör\aquaman.jpg = ..\Yeni klasör\aquaman.jpg
		..\Yeni klasör\aquaman1.jpg = ..\Yeni klasör\aquaman1.jpg
		..\Yeni klasör\bizihatirla.jpg = ..\Yeni klasör\bizihatirla.jpg
		..\Yeni klasör\bizihatirla1.jpg = ..\Yeni klasör\bizihatirla1.jpg
		..\Yeni klasör\bumblebee.jpg = ..\Yeni klasör\bumblebee.jpg
		..\Yeni klasör\bumblebee1.jpg = ..\Yeni klasör\bumblebee1.jpg
		..\Yeni klasör\cakallarladans.png = ..\Yeni klasör\cakallarladans.png
		..\Yeni klasör\cakallarladans1.png = ..\Yeni klasör\cakallarladans1.png
		..\Yeni klasör\deliler (1).jpg = ..\Yeni klasör\deliler (1).jpg
		..\Yeni klasör\deliler.jpg = ..\Yeni klasör\deliler.jpg
		..\Yeni klasör\hedefimsensin.jpg = ..\Yeni klasör\hedefimsensin.jpg
		..\Yeni klasör\hedefimsensin1.jpg = ..\Yeni klasör\hedefimsensin1.jpg
		..\Yeni klasör\kafalarkarisik.jpg = ..\Yeni klasör\kafalarkarisik.jpg
		..\Yeni klasör\kafalarkarisik1.jpg = ..\Yeni klasör\kafalarkarisik1.jpg
		..\Yeni klasör\müslüm.jpg = ..\Yeni klasör\müslüm.jpg
		..\Yeni klasör\müslüm1.jpg = ..\Yeni klasör\müslüm1.jpg
	EndProjectSection
EndProject
Global
	GlobalSection(SolutionConfigurationPlatforms) = preSolution
		Debug|Any CPU = Debug|Any CPU
		Release|Any CPU = Release|Any CPU
	EndGlobalSection
	GlobalSection(ProjectConfigurationPlatforms) = postSolution
		{104D4CBF-901B-4322-B1EE-884927C44F09}.Debug|Any CPU.ActiveCfg = Debug|Any CPU
		{104D4CBF-901B-4322-B1EE-884927C44F09}.Debug|Any CPU.Build.0 = Debug|Any CPU
		{104D4CBF-901B-4322-B1EE-884927C44F09}.Release|Any CPU.ActiveCfg = Release|Any CPU
		{104D4CBF-901B-4322-B1EE-884927C44F09}.Release|Any CPU.Build.0 = Release|Any CPU
	EndGlobalSection
	GlobalSection(SolutionProperties) = preSolution
		HideSolutionNode = FALSE
	EndGlobalSection
EndGlobal
